
Microsoft Visual Studio Solution File, Format Version 12.00
# Visual Studio Version 17
VisualStudioVersion = 17.9.34616.47
MinimumVisualStudioVersion = 10.0.40219.1
Project("{FAE04EC0-301F-11D3-BF4B-00C04F79EFBC}") = "XP-UnitTesting", "XP-UnitTesting.csproj", "{D6C409BB-AF5F-4C87-AB8A-85142AA3DF44}"
EndProject
Global
	GlobalSection(SolutionConfigurationPlatforms) = preSolution
		Debug|Any CPU = Debug|Any CPU
		Release|Any CPU = Release|Any CPU
	EndGlobalSection
	GlobalSection(ProjectConfigurationPlatforms) = postSolution
		{D6C409BB-AF5F-4C87-AB8A-85142AA3DF44}.Debug|Any CPU.ActiveCfg = Debug|Any CPU
		{D6C409BB-AF5F-4C87-AB8A-85142AA3DF44}.Debug|Any CPU.Build.0 = Debug|Any CPU
		{D6C409BB-AF5F-4C87-AB8A-85142AA3DF44}.Release|Any CPU.ActiveCfg = Release|Any CPU
		{D6C409BB-AF5F-4C87-AB8A-85142AA3DF44}.Release|Any CPU.Build.0 = Release|Any CPU
	EndGlobalSection
	GlobalSection(SolutionProperties) = preSolution
		HideSolutionNode = FALSE
	EndGlobalSection
	GlobalSection(ExtensibilityGlobals) = postSolution
		SolutionGuid = {ABD5D39A-C534-4270-A6D1-E304EC8E6FA3}
	EndGlobalSection
EndGlobal
